
Microsoft Visual Studio Solution File, Format Version 12.00
# Visual Studio Version 16
VisualStudioVersion = 16.0.31005.135
MinimumVisualStudioVersion = 10.0.40219.1
Project("{FAE04EC0-301F-11D3-BF4B-00C04F79EFBC}") = "Aplikacja_WPF_St_208", "Aplikacja_WPF_St_208\Aplikacja_WPF_St_208.csproj", "{5A7F9DB9-CCEB-4A93-9AB7-F2FC6784D0D9}"
EndProject
Global
	GlobalSection(SolutionConfigurationPlatforms) = preSolution
		Debug|Any CPU = Debug|Any CPU
		Release|Any CPU = Release|Any CPU
	EndGlobalSection
	GlobalSection(ProjectConfigurationPlatforms) = postSolution
		{5A7F9DB9-CCEB-4A93-9AB7-F2FC6784D0D9}.Debug|Any CPU.ActiveCfg = Debug|Any CPU
		{5A7F9DB9-CCEB-4A93-9AB7-F2FC6784D0D9}.Debug|Any CPU.Build.0 = Debug|Any CPU
		{5A7F9DB9-CCEB-4A93-9AB7-F2FC6784D0D9}.Release|Any CPU.ActiveCfg = Release|Any CPU
		{5A7F9DB9-CCEB-4A93-9AB7-F2FC6784D0D9}.Release|Any CPU.Build.0 = Release|Any CPU
	EndGlobalSection
	GlobalSection(SolutionProperties) = preSolution
		HideSolutionNode = FALSE
	EndGlobalSection
	GlobalSection(ExtensibilityGlobals) = postSolution
		SolutionGuid = {56843DDC-EF2F-4B51-84F3-F5D03B000EED}
	EndGlobalSection
EndGlobal
